// !$*UTF8*$!
{
	archiveVersion = 1;
	classes = {
	};
	objectVersion = 46;
	objects = {

/* Begin PBXBuildFile section */
		6F9F20401C0EC9C400855245 /* btn.wav in Resources */ = {isa = PBXBuildFile; fileRef = 6F9F203F1C0EC9C400855245 /* btn.wav */; };
		6FC278FD1C0E102A00BDD304 /* AppDelegate.swift in Sources */ = {isa = PBXBuildFile; fileRef = 6FC278FC1C0E102A00BDD304 /* AppDelegate.swift */; };
		6FC278FF1C0E102A00BDD304 /* ViewController.swift in Sources */ = {isa = PBXBuildFile; fileRef = 6FC278FE1C0E102A00BDD304 /* ViewController.swift */; };
		6FC279021C0E102A00BDD304 /* Main.storyboard in Resources */ = {isa = PBXBuildFile; fileRef = 6FC279001C0E102A00BDD304 /* Main.storyboard */; };
		6FC279041C0E102A00BDD304 /* Assets.xcassets in Resources */ = {isa = PBXBuildFile; fileRef = 6FC279031C0E102A00BDD304 /* Assets.xcassets */; };
		6FC279071C0E102A00BDD304 /* LaunchScreen.storyboard in Resources */ = {isa = PBXBuildFile; fileRef = 6FC279051C0E102A00BDD304 /* LaunchScreen.storyboard */; };
/* End PBXBuildFile section */

/* Begin PBXFileReference section */
		6F9F203F1C0EC9C400855245 /* btn.wav */ = {isa = PBXFileReference; lastKnownFileType = audio.wav; path = btn.wav; sourceTree = "<group>"; };
		6FC278F91C0E102A00BDD304 /* Calculator-Excercise.app */ = {isa = PBXFileReference; explicitFileType = wrapper.application; includeInIndex = 0; path = "Calculator-Excercise.app"; sourceTree = BUILT_PRODUCTS_DIR; };
		6FC278FC1C0E102A00BDD304 /* AppDelegate.swift */ = {isa = PBXFileReference; lastKnownFileType = sourcecode.swift; path = AppDelegate.swift; sourceTree = "<group>"; };
		6FC278FE1C0E102A00BDD304 /* ViewController.swift */ = {isa = PBXFileReference; lastKnownFileType = sourcecode.swift; path = ViewController.swift; sourceTree = "<group>"; };
		6FC279011C0E102A00BDD304 /* Base */ = {isa = PBXFileReference; lastKnownFileType = file.storyboard; name = Base; path = Base.lproj/Main.storyboard; sourceTree = "<group>"; };
		6FC279031C0E102A00BDD304 /* Assets.xcassets */ = {isa = PBXFileReference; lastKnownFileType = folder.assetcatalog; path = Assets.xcassets; sourceTree = "<group>"; };
		6FC279061C0E102A00BDD304 /* Base */ = {isa = PBXFileReference; lastKnownFileType = file.storyboard; name = Base; path = Base.lproj/LaunchScreen.storyboard; sourceTree = "<group>"; };
		6FC279081C0E102A00BDD304 /* Info.plist */ = {isa = PBXFileReference; lastKnownFileType = text.plist.xml; path = Info.plist; sourceTree = "<group>"; };
/* End PBXFileReference section */

/* Begin PBXFrameworksBuildPhase section */
		6FC278F61C0E102A00BDD304 /* Frameworks */ = {
			isa = PBXFrameworksBuildPhase;
			buildActionMask = 2147483647;
			files = (
			);
			runOnlyForDeploymentPostprocessing = 0;
		};
/* End PBXFrameworksBuildPhase section */

/* Begin PBXGroup section */
		6FC278F01C0E102A00BDD304 = {
			isa = PBXGroup;
			children = (
				6FC278FB1C0E102A00BDD304 /* Calculator-Excercise */,
				6FC278FA1C0E102A00BDD304 /* Products */,
			);
			sourceTree = "<group>";
		};
		6FC278FA1C0E102A00BDD304 /* Products */ = {
			isa = PBXGroup;
			children = (
				6FC278F91C0E102A00BDD304 /* Calculator-Excercise.app */,
			);
			name = Products;
			sourceTree = "<group>";
		};
		6FC278FB1C0E102A00BDD304 /* Calculator-Excercise */ = {
			isa = PBXGroup;
			children = (
				6F9F203F1C0EC9C400855245 /* btn.wav */,
				6FC278FC1C0E102A00BDD304 /* AppDelegate.swift */,
				6FC278FE1C0E102A00BDD304 /* ViewController.swift */,
				6FC279001C0E102A00BDD304 /* Main.storyboard */,
				6FC279031C0E102A00BDD304 /* Assets.xcassets */,
				6FC279051C0E102A00BDD304 /* LaunchScreen.storyboard */,
				6FC279081C0E102A00BDD304 /* Info.plist */,
			);
			path = "Calculator-Excercise";
			sourceTree = "<group>";
		};
/* End PBXGroup section */

/* Begin PBXNativeTarget section */
		6FC278F81C0E102A00BDD304 /* Calculator-Excercise */ = {
			isa = PBXNativeTarget;
			buildConfigurationList = 6FC2790B1C0E102A00BDD304 /* Build configuration list for PBXNativeTarget "Calculator-Excercise" */;
			buildPhases = (
				6FC278F51C0E102A00BDD304 /* Sources */,
				6FC278F61C0E102A00BDD304 /* Frameworks */,
				6FC278F71C0E102A00BDD304 /* Resources */,
			);
			buildRules = (
			);
			dependencies = (
			);
			name = "Calculator-Excercise";
			productName = "Calculator-Excercise";
			productReference = 6FC278F91C0E102A00BDD304 /* Calculator-Excercise.app */;
			productType = "com.apple.product-type.application";
		};
/* End PBXNativeTarget section */

/* Begin PBXProject section */
		6FC278F11C0E102A00BDD304 /* Project object */ = {
			isa = PBXProject;
			attributes = {
				LastSwiftUpdateCheck = 0710;
				LastUpgradeCheck = 0710;
				ORGANIZATIONNAME = "Sai Pratap Koppolu";
				TargetAttributes = {
					6FC278F81C0E102A00BDD304 = {
						CreatedOnToolsVersion = 7.1.1;
					};
				};
			};
			buildConfigurationList = 6FC278F41C0E102A00BDD304 /* Build configuration list for PBXProject "Calculator-Excercise" */;
			compatibilityVersion = "Xcode 3.2";
			developmentRegion = English;
			hasScannedForEncodings = 0;
			knownRegions = (
				en,
				Base,
			);
			mainGroup = 6FC278F01C0E102A00BDD304;
			productRefGroup = 6FC278FA1C0E102A00BDD304 /* Products */;
			projectDirPath = "";
			projectRoot = "";
			targets = (
				6FC278F81C0E102A00BDD304 /* Calculator-Excercise */,
			);
		};
/* End PBXProject section */

/* Begin PBXResourcesBuildPhase section */
		6FC278F71C0E102A00BDD304 /* Resources */ = {
			isa = PBXResourcesBuildPhase;
			buildActionMask = 2147483647;
			files = (
				6FC279071C0E102A00BDD304 /* LaunchScreen.storyboard in Resources */,
				6FC279041C0E102A00BDD304 /* Assets.xcassets in Resources */,
				6FC279021C0E102A00BDD304 /* Main.storyboard in Resources */,
				6F9F20401C0EC9C400855245 /* btn.wav in Resources */,
			);
			runOnlyForDeploymentPostprocessing = 0;
		};
/* End PBXResourcesBuildPhase section */

/* Begin PBXSourcesBuildPhase section */
		6FC278F51C0E102A00BDD304 /* Sources */ = {
			isa = PBXSourcesBuildPhase;
			buildActionMask = 2147483647;
			files = (
				6FC278FF1C0E102A00BDD304 /* ViewController.swift in Sources */,
				6FC278FD1C0E102A00BDD304 /* AppDelegate.swift in Sources */,
			);
			runOnlyForDeploymentPostprocessing = 0;
		};
/* End PBXSourcesBuildPhase section */

/* Begin PBXVariantGroup section */
		6FC279001C0E102A00BDD304 /* Main.storyboard */ = {
			isa = PBXVariantGroup;
			children = (
				6FC279011C0E102A00BDD304 /* Base */,
			);
			name = Main.storyboard;
			sourceTree = "<group>";
		};
		6FC279051C0E102A00BDD304 /* LaunchScreen.storyboard */ = {
			isa = PBXVariantGroup;
			children = (
				6FC279061C0E102A00BDD304 /* Base */,
			);
			name = LaunchScreen.storyboard;
			sourceTree = "<group>";
		};
/* End PBXVariantGroup section */

/* Begin XCBuildConfiguration section */
		6FC279091C0E102A00BDD304 /* Debug */ = {
			isa = XCBuildConfiguration;
			buildSettings = {
				ALWAYS_SEARCH_USER_PATHS = NO;
				CLANG_CXX_LANGUAGE_STANDARD = "gnu++0x";
				CLANG_CXX_LIBRARY = "libc++";
				CLANG_ENABLE_MODULES = YES;
				CLANG_ENABLE_OBJC_ARC = YES;
				CLANG_WARN_BOOL_CONVERSION = YES;
				CLANG_WARN_CONSTANT_CONVERSION = YES;
				CLANG_WARN_DIRECT_OBJC_ISA_USAGE = YES_ERROR;
				CLANG_WARN_EMPTY_BODY = YES;
				CLANG_WARN_ENUM_CONVERSION = YES;
				CLANG_WARN_INT_CONVERSION = YES;
				CLANG_WARN_OBJC_ROOT_CLASS = YES_ERROR;
				CLANG_WARN_UNREACHABLE_CODE = YES;
				CLANG_WARN__DUPLICATE_METHOD_MATCH = YES;
				"CODE_SIGN_IDENTITY[sdk=iphoneos*]" = "iPhone Developer";
				COPY_PHASE_STRIP = NO;
				DEBUG_INFORMATION_FORMAT = dwarf;
				ENABLE_STRICT_OBJC_MSGSEND = YES;
				ENABLE_TESTABILITY = YES;
				GCC_C_LANGUAGE_STANDARD = gnu99;
				GCC_DYNAMIC_NO_PIC = NO;
				GCC_NO_COMMON_BLOCKS = YES;
				GCC_OPTIMIZATION_LEVEL = 0;
				GCC_PREPROCESSOR_DEFINITIONS = (
					"DEBUG=1",
					"$(inherited)",
				);
				GCC_WARN_64_TO_32_BIT_CONVERSION = YES;
				GCC_WARN_ABOUT_RETURN_TYPE = YES_ERROR;
				GCC_WARN_UNDECLARED_SELECTOR = YES;
				GCC_WARN_UNINITIALIZED_AUTOS = YES_AGGRESSIVE;
				GCC_WARN_UNUSED_FUNCTION = YES;
				GCC_WARN_UNUSED_VARIABLE = YES;
				IPHONEOS_DEPLOYMENT_TARGET = 9.1;
				MTL_ENABLE_DEBUG_INFO = YES;
				ONLY_ACTIVE_ARCH = YES;
				SDKROOT = iphoneos;
				SWIFT_OPTIMIZATION_LEVEL = "-Onone";
			};
			name = Debug;
		};
		6FC2790A1C0E102A00BDD304 /* Release */ = {
			isa = XCBuildConfiguration;
			buildSettings = {
				ALWAYS_SEARCH_USER_PATHS = NO;
				CLANG_CXX_LANGUAGE_STANDARD = "gnu++0x";
				CLANG_CXX_LIBRARY = "libc++";
				CLANG_ENABLE_MODULES = YES;
				CLANG_ENABLE_OBJC_ARC = YES;
				CLANG_WARN_BOOL_CONVERSION = YES;
				CLANG_WARN_CONSTANT_CONVERSION = YES;
				CLANG_WARN_DIRECT_OBJC_ISA_USAGE = YES_ERROR;
				CLANG_WARN_EMPTY_BODY = YES;
				CLANG_WARN_ENUM_CONVERSION = YES;
				CLANG_WARN_INT_CONVERSION = YES;
				CLANG_WARN_OBJC_ROOT_CLASS = YES_ERROR;
				CLANG_WARN_UNREACHABLE_CODE = YES;
				CLANG_WARN__DUPLICATE_METHOD_MATCH = YES;
				"CODE_SIGN_IDENTITY[sdk=iphoneos*]" = "iPhone Developer";
				COPY_PHASE_STRIP = NO;
				DEBUG_INFORMATION_FORMAT = "dwarf-with-dsym";
				ENABLE_NS_ASSERTIONS = NO;
				ENABLE_STRICT_OBJC_MSGSEND = YES;
				GCC_C_LANGUAGE_STANDARD = gnu99;
				GCC_NO_COMMON_BLOCKS = YES;
				GCC_WARN_64_TO_32_BIT_CONVERSION = YES;
				GCC_WARN_ABOUT_RETURN_TYPE = YES_ERROR;
				GCC_WARN_UNDECLARED_SELECTOR = YES;
				GCC_WARN_UNINITIALIZED_AUTOS = YES_AGGRESSIVE;
				GCC_WARN_UNUSED_FUNCTION = YES;
				GCC_WARN_UNUSED_VARIABLE = YES;
				IPHONEOS_DEPLOYMENT_TARGET = 9.1;
				MTL_ENABLE_DEBUG_INFO = NO;
				SDKROOT = iphoneos;
				VALIDATE_PRODUCT = YES;
			};
			name = Release;
		};
		6FC2790C1C0E102A00BDD304 /* Debug */ = {
			isa = XCBuildConfiguration;
			buildSettings = {
				ASSETCATALOG_COMPILER_APPICON_NAME = AppIcon;
				INFOPLIST_FILE = "Calculator-Excercise/Info.plist";
				LD_RUNPATH_SEARCH_PATHS = "$(inherited) @executable_path/Frameworks";
				PRODUCT_BUNDLE_IDENTIFIER = "com.appcoda.Calculator-Excercise";
				PRODUCT_NAME = "$(TARGET_NAME)";
			};
			name = Debug;
		};
		6FC2790D1C0E102A00BDD304 /* Release */ = {
			isa = XCBuildConfiguration;
			buildSettings = {
				ASSETCATALOG_COMPILER_APPICON_NAME = AppIcon;
				INFOPLIST_FILE = "Calculator-Excercise/Info.plist";
				LD_RUNPATH_SEARCH_PATHS = "$(inherited) @executable_path/Frameworks";
				PRODUCT_BUNDLE_IDENTIFIER = "com.appcoda.Calculator-Excercise";
				PRODUCT_NAME = "$(TARGET_NAME)";
			};
			name = Release;
		};
/* End XCBuildConfiguration section */

/* Begin XCConfigurationList section */
		6FC278F41C0E102A00BDD304 /* Build configuration list for PBXProject "Calculator-Excercise" */ = {
			isa = XCConfigurationList;
			buildConfigurations = (
				6FC279091C0E102A00BDD304 /* Debug */,
				6FC2790A1C0E102A00BDD304 /* Release */,
			);
			defaultConfigurationIsVisible = 0;
			defaultConfigurationName = Release;
		};
		6FC2790B1C0E102A00BDD304 /* Build configuration list for PBXNativeTarget "Calculator-Excercise" */ = {
			isa = XCConfigurationList;
			buildConfigurations = (
				6FC2790C1C0E102A00BDD304 /* Debug */,
				6FC2790D1C0E102A00BDD304 /* Release */,
			);
			defaultConfigurationIsVisible = 0;
			defaultConfigurationName = Release;
		};
/* End XCConfigurationList section */
	};
	rootObject = 6FC278F11C0E102A00BDD304 /* Project object */;
}
